
Microsoft Visual Studio Solution File, Format Version 12.00
# Visual Studio Version 17
VisualStudioVersion = 17.13.35518.259
MinimumVisualStudioVersion = 10.0.40219.1
Project("{FAE04EC0-301F-11D3-BF4B-00C04F79EFBC}") = "WinFormsAsync", "WinFormsAsync\WinFormsAsync.csproj", "{AED2DE47-36D8-4E06-BDFD-B93E206F049E}"
EndProject
Project("{2150E333-8FDC-42A3-9474-1A3956D46DE8}") = "_solutionItems", "_solutionItems", "{02EA681E-C7D8-13C7-8484-4AC65E1B71E8}"
	ProjectSection(SolutionItems) = preProject
		..\..\..\.editorconfig = ..\..\..\.editorconfig
	EndProjectSection
EndProject
Global
	GlobalSection(SolutionConfigurationPlatforms) = preSolution
		Debug|Any CPU = Debug|Any CPU
		Release|Any CPU = Release|Any CPU
	EndGlobalSection
	GlobalSection(ProjectConfigurationPlatforms) = postSolution
		{AED2DE47-36D8-4E06-BDFD-B93E206F049E}.Debug|Any CPU.ActiveCfg = Debug|Any CPU
		{AED2DE47-36D8-4E06-BDFD-B93E206F049E}.Debug|Any CPU.Build.0 = Debug|Any CPU
		{AED2DE47-36D8-4E06-BDFD-B93E206F049E}.Release|Any CPU.ActiveCfg = Release|Any CPU
		{AED2DE47-36D8-4E06-BDFD-B93E206F049E}.Release|Any CPU.Build.0 = Release|Any CPU
	EndGlobalSection
	GlobalSection(SolutionProperties) = preSolution
		HideSolutionNode = FALSE
	EndGlobalSection
	GlobalSection(ExtensibilityGlobals) = postSolution
		SolutionGuid = {8E80ABF6-62CB-4914-A447-DE70634BAC5F}
	EndGlobalSection
EndGlobal
