
Microsoft Visual Studio Solution File, Format Version 12.00
# Visual Studio Version 17
VisualStudioVersion = 17.4.33015.44
MinimumVisualStudioVersion = 10.0.40219.1
Project("{9A19103F-16F7-4668-BE54-9A1E7A4F7556}") = "TileRepeaterDemo", "TileRepeaterDemo\TileRepeaterDemo.csproj", "{040E8E31-BE75-4FA5-A9E0-AA11A949BBE1}"
EndProject
Project("{9A19103F-16F7-4668-BE54-9A1E7A4F7556}") = "TileRepeater", "TileRepeater\TileRepeater.csproj", "{E00EFA03-7C4B-4840-825D-6F5086F25486}"
EndProject
Project("{9A19103F-16F7-4668-BE54-9A1E7A4F7556}") = "TileRepeater.Data", "TileRepeater.Data\TileRepeater.Data.csproj", "{F4951180-45B6-452E-85F6-81F6EF1447D8}"
EndProject
Global
	GlobalSection(SolutionConfigurationPlatforms) = preSolution
		Debug|Any CPU = Debug|Any CPU
		Release|Any CPU = Release|Any CPU
	EndGlobalSection
	GlobalSection(ProjectConfigurationPlatforms) = postSolution
		{040E8E31-BE75-4FA5-A9E0-AA11A949BBE1}.Debug|Any CPU.ActiveCfg = Debug|Any CPU
		{040E8E31-BE75-4FA5-A9E0-AA11A949BBE1}.Debug|Any CPU.Build.0 = Debug|Any CPU
		{040E8E31-BE75-4FA5-A9E0-AA11A949BBE1}.Release|Any CPU.ActiveCfg = Release|Any CPU
		{040E8E31-BE75-4FA5-A9E0-AA11A949BBE1}.Release|Any CPU.Build.0 = Release|Any CPU
		{E00EFA03-7C4B-4840-825D-6F5086F25486}.Debug|Any CPU.ActiveCfg = Debug|Any CPU
		{E00EFA03-7C4B-4840-825D-6F5086F25486}.Debug|Any CPU.Build.0 = Debug|Any CPU
		{E00EFA03-7C4B-4840-825D-6F5086F25486}.Release|Any CPU.ActiveCfg = Release|Any CPU
		{E00EFA03-7C4B-4840-825D-6F5086F25486}.Release|Any CPU.Build.0 = Release|Any CPU
		{F4951180-45B6-452E-85F6-81F6EF1447D8}.Debug|Any CPU.ActiveCfg = Debug|Any CPU
		{F4951180-45B6-452E-85F6-81F6EF1447D8}.Debug|Any CPU.Build.0 = Debug|Any CPU
		{F4951180-45B6-452E-85F6-81F6EF1447D8}.Release|Any CPU.ActiveCfg = Release|Any CPU
		{F4951180-45B6-452E-85F6-81F6EF1447D8}.Release|Any CPU.Build.0 = Release|Any CPU
	EndGlobalSection
	GlobalSection(SolutionProperties) = preSolution
		HideSolutionNode = FALSE
	EndGlobalSection
	GlobalSection(ExtensibilityGlobals) = postSolution
		SolutionGuid = {A1BFF307-3459-4855-AE87-D65068639195}
	EndGlobalSection
EndGlobal
