
Microsoft Visual Studio Solution File, Format Version 12.00
# Visual Studio Version 17
VisualStudioVersion = 17.3.32508.49
MinimumVisualStudioVersion = 10.0.40219.1
Project("{9A19103F-16F7-4668-BE54-9A1E7A4F7556}") = "MauiEdit.UnitTest", "MauiEdit.UnitTest\MauiEdit.UnitTest.csproj", "{5B849C42-BF06-420E-9C48-FB90E76BE816}"
EndProject
Project("{9A19103F-16F7-4668-BE54-9A1E7A4F7556}") = "MauiEdit.WinForms", "MauiEdit.WinForms\MauiEdit.WinForms.csproj", "{9D46E5B5-8354-48EF-A128-2FFB3DA4A418}"
EndProject
Project("{9A19103F-16F7-4668-BE54-9A1E7A4F7556}") = "MauiEdit.Maui", "MauiEdit.Maui\MauiEdit.Maui.csproj", "{32CFD512-2511-4A28-A9EF-F820C89F8343}"
EndProject
Project("{9A19103F-16F7-4668-BE54-9A1E7A4F7556}") = "MauiEdit.ViewModels", "MauiEdit.ViewModels\MauiEdit.ViewModels.csproj", "{FC645ED5-9D12-4142-A7FC-AAB774CAB2AA}"
EndProject
Global
	GlobalSection(SolutionConfigurationPlatforms) = preSolution
		Debug|Any CPU = Debug|Any CPU
		Release|Any CPU = Release|Any CPU
	EndGlobalSection
	GlobalSection(ProjectConfigurationPlatforms) = postSolution
		{5B849C42-BF06-420E-9C48-FB90E76BE816}.Debug|Any CPU.ActiveCfg = Debug|Any CPU
		{5B849C42-BF06-420E-9C48-FB90E76BE816}.Debug|Any CPU.Build.0 = Debug|Any CPU
		{5B849C42-BF06-420E-9C48-FB90E76BE816}.Release|Any CPU.ActiveCfg = Release|Any CPU
		{5B849C42-BF06-420E-9C48-FB90E76BE816}.Release|Any CPU.Build.0 = Release|Any CPU
		{9D46E5B5-8354-48EF-A128-2FFB3DA4A418}.Debug|Any CPU.ActiveCfg = Debug|Any CPU
		{9D46E5B5-8354-48EF-A128-2FFB3DA4A418}.Debug|Any CPU.Build.0 = Debug|Any CPU
		{9D46E5B5-8354-48EF-A128-2FFB3DA4A418}.Release|Any CPU.ActiveCfg = Release|Any CPU
		{9D46E5B5-8354-48EF-A128-2FFB3DA4A418}.Release|Any CPU.Build.0 = Release|Any CPU
		{32CFD512-2511-4A28-A9EF-F820C89F8343}.Debug|Any CPU.ActiveCfg = Debug|Any CPU
		{32CFD512-2511-4A28-A9EF-F820C89F8343}.Debug|Any CPU.Build.0 = Debug|Any CPU
		{32CFD512-2511-4A28-A9EF-F820C89F8343}.Debug|Any CPU.Deploy.0 = Debug|Any CPU
		{32CFD512-2511-4A28-A9EF-F820C89F8343}.Release|Any CPU.ActiveCfg = Release|Any CPU
		{32CFD512-2511-4A28-A9EF-F820C89F8343}.Release|Any CPU.Build.0 = Release|Any CPU
		{32CFD512-2511-4A28-A9EF-F820C89F8343}.Release|Any CPU.Deploy.0 = Release|Any CPU
		{FC645ED5-9D12-4142-A7FC-AAB774CAB2AA}.Debug|Any CPU.ActiveCfg = Debug|Any CPU
		{FC645ED5-9D12-4142-A7FC-AAB774CAB2AA}.Debug|Any CPU.Build.0 = Debug|Any CPU
		{FC645ED5-9D12-4142-A7FC-AAB774CAB2AA}.Release|Any CPU.ActiveCfg = Release|Any CPU
		{FC645ED5-9D12-4142-A7FC-AAB774CAB2AA}.Release|Any CPU.Build.0 = Release|Any CPU
	EndGlobalSection
	GlobalSection(SolutionProperties) = preSolution
		HideSolutionNode = FALSE
	EndGlobalSection
	GlobalSection(ExtensibilityGlobals) = postSolution
		SolutionGuid = {00F4086D-A0EB-48C2-8FB4-C3831DD43969}
	EndGlobalSection
EndGlobal
