
Microsoft Visual Studio Solution File, Format Version 12.00
# Visual Studio Version 17
VisualStudioVersion = 17.2.32130.36
MinimumVisualStudioVersion = 10.0.40219.1
Project("{9A19103F-16F7-4668-BE54-9A1E7A4F7556}") = "RootDesigner.Lib", "RootDesigner.Lib\RootDesigner.Lib.csproj", "{9B043351-707C-4875-8465-457824F07EC3}"
EndProject
Project("{9A19103F-16F7-4668-BE54-9A1E7A4F7556}") = "RootDesignerDemo", "RootDesignerDemo\RootDesignerDemo.csproj", "{D6ED5824-17EC-4304-A763-5D72DF2483FE}"
EndProject
Global
	GlobalSection(SolutionConfigurationPlatforms) = preSolution
		Debug|Any CPU = Debug|Any CPU
		Release|Any CPU = Release|Any CPU
	EndGlobalSection
	GlobalSection(ProjectConfigurationPlatforms) = postSolution
		{9B043351-707C-4875-8465-457824F07EC3}.Debug|Any CPU.ActiveCfg = Debug|Any CPU
		{9B043351-707C-4875-8465-457824F07EC3}.Debug|Any CPU.Build.0 = Debug|Any CPU
		{9B043351-707C-4875-8465-457824F07EC3}.Release|Any CPU.ActiveCfg = Release|Any CPU
		{9B043351-707C-4875-8465-457824F07EC3}.Release|Any CPU.Build.0 = Release|Any CPU
		{D6ED5824-17EC-4304-A763-5D72DF2483FE}.Debug|Any CPU.ActiveCfg = Debug|Any CPU
		{D6ED5824-17EC-4304-A763-5D72DF2483FE}.Debug|Any CPU.Build.0 = Debug|Any CPU
		{D6ED5824-17EC-4304-A763-5D72DF2483FE}.Release|Any CPU.ActiveCfg = Release|Any CPU
		{D6ED5824-17EC-4304-A763-5D72DF2483FE}.Release|Any CPU.Build.0 = Release|Any CPU
	EndGlobalSection
	GlobalSection(SolutionProperties) = preSolution
		HideSolutionNode = FALSE
	EndGlobalSection
	GlobalSection(ExtensibilityGlobals) = postSolution
		SolutionGuid = {ED24AAF5-3FB6-43A3-991E-9E10A798B727}
	EndGlobalSection
EndGlobal
